{
  "version": 4,
  "terraform_version": "1.3.2",
  "serial": 23,
  "lineage": "3fa368e9-9e6a-b17a-146f-cecab23b2abc",
  "outputs": {},
  "resources": [
    {
      "mode": "managed",
      "type": "azurerm_nat_gateway",
      "name": "Nat_Gat",
      "provider": "provider[\"registry.terraform.io/hashicorp/azurerm\"]",
      "instances": [
        {
          "schema_version": 0,
          "attributes": {
            "id": "/subscriptions/7f5211fb-d31b-41c1-b234-db7f0799cf87/resourceGroups/Terraform_Test_Rg/providers/Microsoft.Network/natGateways/Terrafom_Test_natgateway",
            "idle_timeout_in_minutes": 4,
            "location": "westeurope",
            "name": "Terrafom_Test_natgateway",
            "resource_group_name": "Terraform_Test_Rg",
            "resource_guid": "f5e3189c-84ed-4fda-adda-6a493cae18c5",
            "sku_name": "Standard",
            "tags": null,
            "timeouts": null,
            "zones": null
          },
          "sensitive_attributes": [],
          "private": "eyJlMmJmYjczMC1lY2FhLTExZTYtOGY4OC0zNDM2M2JjN2M0YzAiOnsiY3JlYXRlIjozNjAwMDAwMDAwMDAwLCJkZWxldGUiOjM2MDAwMDAwMDAwMDAsInJlYWQiOjMwMDAwMDAwMDAwMCwidXBkYXRlIjozNjAwMDAwMDAwMDAwfX0=",
          "dependencies": [
            "azurerm_resource_group.rg"
          ]
        }
      ]
    },
    {
      "mode": "managed",
      "type": "azurerm_resource_group",
      "name": "rg",
      "provider": "provider[\"registry.terraform.io/hashicorp/azurerm\"]",
      "instances": [
        {
          "schema_version": 0,
          "attributes": {
            "id": "/subscriptions/7f5211fb-d31b-41c1-b234-db7f0799cf87/resourceGroups/Terraform_Test_Rg",
            "location": "westeurope",
            "name": "Terraform_Test_Rg",
            "tags": {},
            "timeouts": null
          },
          "sensitive_attributes": [],
          "private": "eyJlMmJmYjczMC1lY2FhLTExZTYtOGY4OC0zNDM2M2JjN2M0YzAiOnsiY3JlYXRlIjo1NDAwMDAwMDAwMDAwLCJkZWxldGUiOjU0MDAwMDAwMDAwMDAsInJlYWQiOjMwMDAwMDAwMDAwMCwidXBkYXRlIjo1NDAwMDAwMDAwMDAwfX0="
        }
      ]
    },
    {
      "mode": "managed",
      "type": "azurerm_subnet",
      "name": "Subnet",
      "provider": "provider[\"registry.terraform.io/hashicorp/azurerm\"]",
      "instances": [
        {
          "schema_version": 0,
          "attributes": {
            "address_prefixes": [
              "10.0.1.0/24"
            ],
            "delegation": [],
            "enforce_private_link_endpoint_network_policies": false,
            "enforce_private_link_service_network_policies": false,
            "id": "/subscriptions/7f5211fb-d31b-41c1-b234-db7f0799cf87/resourceGroups/Terraform_Test_Rg/providers/Microsoft.Network/virtualNetworks/Terrafom_Test_vnet/subnets/Terrafom_Test_Subnet",
            "name": "Terrafom_Test_Subnet",
            "resource_group_name": "Terraform_Test_Rg",
            "service_endpoint_policy_ids": [],
            "service_endpoints": [],
            "timeouts": null,
            "virtual_network_name": "Terrafom_Test_vnet"
          },
          "sensitive_attributes": [],
          "private": "eyJlMmJmYjczMC1lY2FhLTExZTYtOGY4OC0zNDM2M2JjN2M0YzAiOnsiY3JlYXRlIjoxODAwMDAwMDAwMDAwLCJkZWxldGUiOjE4MDAwMDAwMDAwMDAsInJlYWQiOjMwMDAwMDAwMDAwMCwidXBkYXRlIjoxODAwMDAwMDAwMDAwfX0=",
          "dependencies": [
            "azurerm_resource_group.rg",
            "azurerm_virtual_network.Vnet"
          ]
        }
      ]
    },
    {
      "mode": "managed",
      "type": "azurerm_subnet_nat_gateway_association",
      "name": "Sub_Nat_Gat",
      "provider": "provider[\"registry.terraform.io/hashicorp/azurerm\"]",
      "instances": [
        {
          "schema_version": 0,
          "attributes": {
            "id": "/subscriptions/7f5211fb-d31b-41c1-b234-db7f0799cf87/resourceGroups/Terraform_Test_Rg/providers/Microsoft.Network/virtualNetworks/Terrafom_Test_vnet/subnets/Terrafom_Test_Subnet",
            "nat_gateway_id": "/subscriptions/7f5211fb-d31b-41c1-b234-db7f0799cf87/resourceGroups/Terraform_Test_Rg/providers/Microsoft.Network/natGateways/Terrafom_Test_natgateway",
            "subnet_id": "/subscriptions/7f5211fb-d31b-41c1-b234-db7f0799cf87/resourceGroups/Terraform_Test_Rg/providers/Microsoft.Network/virtualNetworks/Terrafom_Test_vnet/subnets/Terrafom_Test_Subnet",
            "timeouts": null
          },
          "sensitive_attributes": [],
          "private": "eyJlMmJmYjczMC1lY2FhLTExZTYtOGY4OC0zNDM2M2JjN2M0YzAiOnsiY3JlYXRlIjoxODAwMDAwMDAwMDAwLCJkZWxldGUiOjE4MDAwMDAwMDAwMDAsInJlYWQiOjMwMDAwMDAwMDAwMCwidXBkYXRlIjoxODAwMDAwMDAwMDAwfX0=",
          "dependencies": [
            "azurerm_nat_gateway.Nat_Gat",
            "azurerm_resource_group.rg",
            "azurerm_subnet.Subnet",
            "azurerm_virtual_network.Vnet"
          ]
        }
      ]
    },
    {
      "mode": "managed",
      "type": "azurerm_virtual_network",
      "name": "Vnet",
      "provider": "provider[\"registry.terraform.io/hashicorp/azurerm\"]",
      "instances": [
        {
          "schema_version": 0,
          "attributes": {
            "address_space": [
              "10.0.0.0/16"
            ],
            "bgp_community": "",
            "ddos_protection_plan": [],
            "dns_servers": [],
            "edge_zone": "",
            "flow_timeout_in_minutes": 0,
            "guid": "cc86fef5-cb67-4927-973b-0d0102599ad7",
            "id": "/subscriptions/7f5211fb-d31b-41c1-b234-db7f0799cf87/resourceGroups/Terraform_Test_Rg/providers/Microsoft.Network/virtualNetworks/Terrafom_Test_vnet",
            "location": "westeurope",
            "name": "Terrafom_Test_vnet",
            "resource_group_name": "Terraform_Test_Rg",
            "subnet": [
              {
                "address_prefix": "10.0.1.0/24",
                "id": "/subscriptions/7f5211fb-d31b-41c1-b234-db7f0799cf87/resourceGroups/Terraform_Test_Rg/providers/Microsoft.Network/virtualNetworks/Terrafom_Test_vnet/subnets/Terrafom_Test_Subnet",
                "name": "Terrafom_Test_Subnet",
                "security_group": ""
              }
            ],
            "tags": {},
            "timeouts": null
          },
          "sensitive_attributes": [],
          "private": "eyJlMmJmYjczMC1lY2FhLTExZTYtOGY4OC0zNDM2M2JjN2M0YzAiOnsiY3JlYXRlIjoxODAwMDAwMDAwMDAwLCJkZWxldGUiOjE4MDAwMDAwMDAwMDAsInJlYWQiOjMwMDAwMDAwMDAwMCwidXBkYXRlIjoxODAwMDAwMDAwMDAwfX0=",
          "dependencies": [
            "azurerm_resource_group.rg"
          ]
        }
      ]
    }
  ],
  "check_results": []
}
